
Microsoft Visual Studio Solution File, Format Version 12.00
# Visual Studio Version 17
VisualStudioVersion = 17.7.34031.279
MinimumVisualStudioVersion = 10.0.40219.1
Project("{FAE04EC0-301F-11D3-BF4B-00C04F79EFBC}") = "Combat sim", "Combat sim\Combat sim.csproj", "{F0688BA2-E0F6-43D4-B753-2017DD782FE5}"
EndProject
Global
	GlobalSection(SolutionConfigurationPlatforms) = preSolution
		Debug|Any CPU = Debug|Any CPU
		Release|Any CPU = Release|Any CPU
	EndGlobalSection
	GlobalSection(ProjectConfigurationPlatforms) = postSolution
		{F0688BA2-E0F6-43D4-B753-2017DD782FE5}.Debug|Any CPU.ActiveCfg = Debug|Any CPU
		{F0688BA2-E0F6-43D4-B753-2017DD782FE5}.Debug|Any CPU.Build.0 = Debug|Any CPU
		{F0688BA2-E0F6-43D4-B753-2017DD782FE5}.Release|Any CPU.ActiveCfg = Release|Any CPU
		{F0688BA2-E0F6-43D4-B753-2017DD782FE5}.Release|Any CPU.Build.0 = Release|Any CPU
	EndGlobalSection
	GlobalSection(SolutionProperties) = preSolution
		HideSolutionNode = FALSE
	EndGlobalSection
	GlobalSection(ExtensibilityGlobals) = postSolution
		SolutionGuid = {D7AD4B18-84E1-40BA-9140-795191AD161C}
	EndGlobalSection
EndGlobal
